
Microsoft Visual Studio Solution File, Format Version 12.00
# Visual Studio 15
VisualStudioVersion = 15.0.28307.2092
MinimumVisualStudioVersion = 10.0.40219.1
Project("{8BC9CEB8-8B4A-11D0-8D11-00A0C91BC942}") = "6.19", "6.19\6.19.vcxproj", "{7AEF39C8-506C-478B-B2C7-AE93DC7B8800}"
EndProject
Global
	GlobalSection(SolutionConfigurationPlatforms) = preSolution
		Debug|x64 = Debug|x64
		Debug|x86 = Debug|x86
		Release|x64 = Release|x64
		Release|x86 = Release|x86
	EndGlobalSection
	GlobalSection(ProjectConfigurationPlatforms) = postSolution
		{7AEF39C8-506C-478B-B2C7-AE93DC7B8800}.Debug|x64.ActiveCfg = Debug|x64
		{7AEF39C8-506C-478B-B2C7-AE93DC7B8800}.Debug|x64.Build.0 = Debug|x64
		{7AEF39C8-506C-478B-B2C7-AE93DC7B8800}.Debug|x86.ActiveCfg = Debug|Win32
		{7AEF39C8-506C-478B-B2C7-AE93DC7B8800}.Debug|x86.Build.0 = Debug|Win32
		{7AEF39C8-506C-478B-B2C7-AE93DC7B8800}.Release|x64.ActiveCfg = Release|x64
		{7AEF39C8-506C-478B-B2C7-AE93DC7B8800}.Release|x64.Build.0 = Release|x64
		{7AEF39C8-506C-478B-B2C7-AE93DC7B8800}.Release|x86.ActiveCfg = Release|Win32
		{7AEF39C8-506C-478B-B2C7-AE93DC7B8800}.Release|x86.Build.0 = Release|Win32
	EndGlobalSection
	GlobalSection(SolutionProperties) = preSolution
		HideSolutionNode = FALSE
	EndGlobalSection
	GlobalSection(ExtensibilityGlobals) = postSolution
		SolutionGuid = {58F63C45-5F77-4986-A2A8-017A539B9BA4}
	EndGlobalSection
EndGlobal
